
Microsoft Visual Studio Solution File, Format Version 12.00
# Visual Studio Version 17
VisualStudioVersion = 17.13.35825.156
MinimumVisualStudioVersion = 10.0.40219.1
Project("{FAE04EC0-301F-11D3-BF4B-00C04F79EFBC}") = "CurrencyConverterAPI", "CurrencyConverterAPI\CurrencyConverterAPI.csproj", "{4C196FF3-7684-4B8A-8694-FC121B07C1E8}"
EndProject
Project("{FAE04EC0-301F-11D3-BF4B-00C04F79EFBC}") = "CurrencyConverterAPI.Tests", "CurrencyConverterAPI.Tests\CurrencyConverterAPI.Tests.csproj", "{C7E86940-E431-4627-807A-8042CC14EAA6}"
EndProject
Global
	GlobalSection(SolutionConfigurationPlatforms) = preSolution
		Debug|Any CPU = Debug|Any CPU
		Release|Any CPU = Release|Any CPU
	EndGlobalSection
	GlobalSection(ProjectConfigurationPlatforms) = postSolution
		{4C196FF3-7684-4B8A-8694-FC121B07C1E8}.Debug|Any CPU.ActiveCfg = Debug|Any CPU
		{4C196FF3-7684-4B8A-8694-FC121B07C1E8}.Debug|Any CPU.Build.0 = Debug|Any CPU
		{4C196FF3-7684-4B8A-8694-FC121B07C1E8}.Release|Any CPU.ActiveCfg = Release|Any CPU
		{4C196FF3-7684-4B8A-8694-FC121B07C1E8}.Release|Any CPU.Build.0 = Release|Any CPU
		{C7E86940-E431-4627-807A-8042CC14EAA6}.Debug|Any CPU.ActiveCfg = Debug|Any CPU
		{C7E86940-E431-4627-807A-8042CC14EAA6}.Debug|Any CPU.Build.0 = Debug|Any CPU
		{C7E86940-E431-4627-807A-8042CC14EAA6}.Release|Any CPU.ActiveCfg = Release|Any CPU
		{C7E86940-E431-4627-807A-8042CC14EAA6}.Release|Any CPU.Build.0 = Release|Any CPU
	EndGlobalSection
	GlobalSection(SolutionProperties) = preSolution
		HideSolutionNode = FALSE
	EndGlobalSection
	GlobalSection(ExtensibilityGlobals) = postSolution
		SolutionGuid = {4196A029-9336-451E-A404-15688663CD7C}
	EndGlobalSection
EndGlobal
